
Microsoft Visual Studio Solution File, Format Version 12.00
# Visual Studio Version 17
VisualStudioVersion = 17.5.33502.453
MinimumVisualStudioVersion = 10.0.40219.1
Project("{FAE04EC0-301F-11D3-BF4B-00C04F79EFBC}") = "Studly", "Studly.csproj", "{3C8CCFF5-5001-44A7-8BA9-16B182C049DF}"
EndProject
Global
	GlobalSection(SolutionConfigurationPlatforms) = preSolution
		Debug|Any CPU = Debug|Any CPU
		Release|Any CPU = Release|Any CPU
	EndGlobalSection
	GlobalSection(ProjectConfigurationPlatforms) = postSolution
		{3C8CCFF5-5001-44A7-8BA9-16B182C049DF}.Debug|Any CPU.ActiveCfg = Debug|Any CPU
		{3C8CCFF5-5001-44A7-8BA9-16B182C049DF}.Debug|Any CPU.Build.0 = Debug|Any CPU
		{3C8CCFF5-5001-44A7-8BA9-16B182C049DF}.Release|Any CPU.ActiveCfg = Release|Any CPU
		{3C8CCFF5-5001-44A7-8BA9-16B182C049DF}.Release|Any CPU.Build.0 = Release|Any CPU
	EndGlobalSection
	GlobalSection(SolutionProperties) = preSolution
		HideSolutionNode = FALSE
	EndGlobalSection
	GlobalSection(ExtensibilityGlobals) = postSolution
		SolutionGuid = {4235FE91-EE37-408A-A73B-ABF58B49C950}
	EndGlobalSection
EndGlobal
